
Microsoft Visual Studio Solution File, Format Version 12.00
# Visual Studio 15
VisualStudioVersion = 15.0.27428.2002
MinimumVisualStudioVersion = 10.0.40219.1
Project("{F184B08F-C81C-45F6-A57F-5ABD9991F28F}") = "Estructura_de_datos", "Estructura_de_datos\Estructura_de_datos.vbproj", "{9CF1E5FE-D4B8-458F-8740-4809E3664B8F}"
EndProject
Global
	GlobalSection(SolutionConfigurationPlatforms) = preSolution
		Debug|Any CPU = Debug|Any CPU
		Release|Any CPU = Release|Any CPU
	EndGlobalSection
	GlobalSection(ProjectConfigurationPlatforms) = postSolution
		{9CF1E5FE-D4B8-458F-8740-4809E3664B8F}.Debug|Any CPU.ActiveCfg = Debug|Any CPU
		{9CF1E5FE-D4B8-458F-8740-4809E3664B8F}.Debug|Any CPU.Build.0 = Debug|Any CPU
		{9CF1E5FE-D4B8-458F-8740-4809E3664B8F}.Release|Any CPU.ActiveCfg = Release|Any CPU
		{9CF1E5FE-D4B8-458F-8740-4809E3664B8F}.Release|Any CPU.Build.0 = Release|Any CPU
	EndGlobalSection
	GlobalSection(SolutionProperties) = preSolution
		HideSolutionNode = FALSE
	EndGlobalSection
	GlobalSection(ExtensibilityGlobals) = postSolution
		SolutionGuid = {85BB74D7-89A5-4802-BF3E-8B6A82F5863D}
	EndGlobalSection
EndGlobal
